
Microsoft Visual Studio Solution File, Format Version 12.00
# Visual Studio Version 16
VisualStudioVersion = 16.0.31424.327
MinimumVisualStudioVersion = 10.0.40219.1
Project("{FAE04EC0-301F-11D3-BF4B-00C04F79EFBC}") = "Joystick_API_Azure_SpecFlow_MSTest", "Joystick_API_Azure_SpecFlow_MSTest\Joystick_API_Azure_SpecFlow_MSTest.csproj", "{069163B2-D537-4697-BD34-BA00F053FBED}"
EndProject
Global
	GlobalSection(SolutionConfigurationPlatforms) = preSolution
		Debug|Any CPU = Debug|Any CPU
		Release|Any CPU = Release|Any CPU
	EndGlobalSection
	GlobalSection(ProjectConfigurationPlatforms) = postSolution
		{069163B2-D537-4697-BD34-BA00F053FBED}.Debug|Any CPU.ActiveCfg = Debug|Any CPU
		{069163B2-D537-4697-BD34-BA00F053FBED}.Debug|Any CPU.Build.0 = Debug|Any CPU
		{069163B2-D537-4697-BD34-BA00F053FBED}.Release|Any CPU.ActiveCfg = Release|Any CPU
		{069163B2-D537-4697-BD34-BA00F053FBED}.Release|Any CPU.Build.0 = Release|Any CPU
	EndGlobalSection
	GlobalSection(SolutionProperties) = preSolution
		HideSolutionNode = FALSE
	EndGlobalSection
	GlobalSection(ExtensibilityGlobals) = postSolution
		SolutionGuid = {89BA5585-9E03-4383-B183-E8F1763F7658}
	EndGlobalSection
EndGlobal
